{
    "hash": "8c0c15400967cc9692ed8a87216a128c",
    "packages": [
        {
            "name": "doctrine/common",
            "version": "2.3.0",
            "source": {
                "type": "git",
                "url": "https://github.com/doctrine/common",
                "reference": "2.3.0"
            },
            "dist": {
                "type": "zip",
                "url": "https://github.com/doctrine/common/zipball/2.3.0",
                "reference": "2.3.0",
                "shasum": ""
            },
            "require": {
                "php": ">=5.3.2"
            },
            "time": "2012-09-19 22:55:18",
            "type": "library",
            "extra": {
                "branch-alias": {
                    "dev-master": "2.3.x-dev"
                }
            },
            "autoload": {
                "psr-0": {
                    "Doctrine\\Common": "lib/"
                }
            },
            "notification-url": "https://packagist.org/downloads/",
            "license": [
                "MIT"
            ],
            "authors": [
                {
                    "name": "Jonathan Wage",
                    "email": "jonwage@gmail.com",
                    "homepage": "http://www.jwage.com/"
                },
                {
                    "name": "Guilherme Blanco",
                    "email": "guilhermeblanco@gmail.com",
                    "homepage": "http://www.instaclick.com"
                },
                {
                    "name": "Roman Borschel",
                    "email": "roman@code-factory.org"
                },
                {
                    "name": "Benjamin Eberlei",
                    "email": "kontakt@beberlei.de"
                },
                {
                    "name": "Johannes Schmitt",
                    "email": "schmittjoh@gmail.com",
                    "homepage": "https://github.com/schmittjoh",
                    "role": "Developer of wrapped JMSSerializerBundle"
                }
            ],
            "description": "Common Library for Doctrine projects",
            "homepage": "http://www.doctrine-project.org",
            "keywords": [
                "collections",
                "spl",
                "eventmanager",
                "annotations",
                "persistence"
            ]
        },
        {
            "name": "fzaninotto/faker",
            "version": "v1.1.0",
            "source": {
                "type": "git",
                "url": "https://github.com/fzaninotto/Faker",
                "reference": "v1.1.0"
            },
            "dist": {
                "type": "zip",
                "url": "https://github.com/fzaninotto/Faker/archive/v1.1.0.zip",
                "reference": "v1.1.0",
                "shasum": ""
            },
            "require": {
                "php": ">=5.3.3"
            },
            "time": "2012-10-29 02:32:06",
            "type": "library",
            "extra": {
                "branch-alias": {
                    "dev-master": "1.1.x-dev"
                }
            },
            "autoload": {
                "psr-0": {
                    "Faker": "src/"
                }
            },
            "notification-url": "https://packagist.org/downloads/",
            "license": [
                "MIT"
            ],
            "authors": [
                {
                    "name": "François Zaninotto"
                }
            ],
            "description": "Faker is a PHP library that generates fake data for you.",
            "keywords": [
                "faker",
                "fixtures",
                "data"
            ]
        },
        {
            "name": "symfony/config",
            "version": "v2.1.7",
            "target-dir": "Symfony/Component/Config",
            "source": {
                "type": "git",
                "url": "https://github.com/symfony/Config",
                "reference": "v2.1.7"
            },
            "dist": {
                "type": "zip",
                "url": "https://api.github.com/repos/symfony/Config/zipball/v2.1.7",
                "reference": "v2.1.7",
                "shasum": ""
            },
            "require": {
                "php": ">=5.3.3"
            },
            "time": "2013-01-09 08:51:07",
            "type": "library",
            "autoload": {
                "psr-0": {
                    "Symfony\\Component\\Config": ""
                }
            },
            "notification-url": "https://packagist.org/downloads/",
            "license": [
                "MIT"
            ],
            "authors": [
                {
                    "name": "Fabien Potencier",
                    "email": "fabien@symfony.com"
                },
                {
                    "name": "Symfony Community",
                    "homepage": "http://symfony.com/contributors"
                }
            ],
            "description": "Symfony Config Component",
            "homepage": "http://symfony.com"
        },
        {
            "name": "symfony/dependency-injection",
            "version": "v2.1.7",
            "target-dir": "Symfony/Component/DependencyInjection",
            "source": {
                "type": "git",
                "url": "https://github.com/symfony/DependencyInjection",
                "reference": "v2.1.7"
            },
            "dist": {
                "type": "zip",
                "url": "https://github.com/symfony/DependencyInjection/archive/v2.1.7.zip",
                "reference": "v2.1.7",
                "shasum": ""
            },
            "require": {
                "php": ">=5.3.3"
            },
            "require-dev": {
                "symfony/yaml": "2.1.*",
                "symfony/config": "2.1.*"
            },
            "suggest": {
                "symfony/yaml": "2.1.*",
                "symfony/config": "2.1.*"
            },
            "time": "2013-01-17 21:21:51",
            "type": "library",
            "autoload": {
                "psr-0": {
                    "Symfony\\Component\\DependencyInjection": ""
                }
            },
            "notification-url": "https://packagist.org/downloads/",
            "license": [
                "MIT"
            ],
            "authors": [
                {
                    "name": "Fabien Potencier",
                    "email": "fabien@symfony.com"
                },
                {
                    "name": "Symfony Community",
                    "homepage": "http://symfony.com/contributors"
                }
            ],
            "description": "Symfony DependencyInjection Component",
            "homepage": "http://symfony.com"
        },
        {
            "name": "symfony/event-dispatcher",
            "version": "v2.1.7",
            "target-dir": "Symfony/Component/EventDispatcher",
            "source": {
                "type": "git",
                "url": "https://github.com/symfony/EventDispatcher",
                "reference": "v2.1.7"
            },
            "dist": {
                "type": "zip",
                "url": "https://github.com/symfony/EventDispatcher/archive/v2.1.7.zip",
                "reference": "v2.1.7",
                "shasum": ""
            },
            "require": {
                "php": ">=5.3.3"
            },
            "require-dev": {
                "symfony/dependency-injection": "2.1.*"
            },
            "suggest": {
                "symfony/dependency-injection": "2.1.*",
                "symfony/http-kernel": "2.1.*"
            },
            "time": "2013-01-11 00:31:43",
            "type": "library",
            "autoload": {
                "psr-0": {
                    "Symfony\\Component\\EventDispatcher": ""
                }
            },
            "notification-url": "https://packagist.org/downloads/",
            "license": [
                "MIT"
            ],
            "authors": [
                {
                    "name": "Fabien Potencier",
                    "email": "fabien@symfony.com"
                },
                {
                    "name": "Symfony Community",
                    "homepage": "http://symfony.com/contributors"
                }
            ],
            "description": "Symfony EventDispatcher Component",
            "homepage": "http://symfony.com"
        },
        {
            "name": "symfony/filesystem",
            "version": "v2.1.7",
            "target-dir": "Symfony/Component/Filesystem",
            "source": {
                "type": "git",
                "url": "https://github.com/symfony/Filesystem",
                "reference": "v2.1.7"
            },
            "dist": {
                "type": "zip",
                "url": "https://github.com/symfony/Filesystem/archive/v2.1.7.zip",
                "reference": "v2.1.7",
                "shasum": ""
            },
            "require": {
                "php": ">=5.3.3"
            },
            "time": "2013-01-09 08:51:07",
            "type": "library",
            "autoload": {
                "psr-0": {
                    "Symfony\\Component\\Filesystem": ""
                }
            },
            "notification-url": "https://packagist.org/downloads/",
            "license": [
                "MIT"
            ],
            "authors": [
                {
                    "name": "Fabien Potencier",
                    "email": "fabien@symfony.com"
                },
                {
                    "name": "Symfony Community",
                    "homepage": "http://symfony.com/contributors"
                }
            ],
            "description": "Symfony Filesystem Component",
            "homepage": "http://symfony.com"
        },
        {
            "name": "symfony/framework-bundle",
            "version": "v2.1.7",
            "target-dir": "Symfony/Bundle/FrameworkBundle",
            "source": {
                "type": "git",
                "url": "https://github.com/symfony/FrameworkBundle",
                "reference": "v2.1.7"
            },
            "dist": {
                "type": "zip",
                "url": "https://github.com/symfony/FrameworkBundle/archive/v2.1.7.zip",
                "reference": "v2.1.7",
                "shasum": ""
            },
            "require": {
                "php": ">=5.3.3",
                "symfony/dependency-injection": "2.1.*",
                "symfony/config": "2.1.*",
                "symfony/event-dispatcher": "2.1.*",
                "symfony/http-kernel": "2.1.*",
                "symfony/filesystem": "2.1.*",
                "symfony/routing": "2.1.*",
                "symfony/templating": "2.1.*",
                "symfony/translation": "2.1.*",
                "doctrine/common": ">=2.2,<2.4-dev"
            },
            "require-dev": {
                "symfony/finder": "2.1.*"
            },
            "suggest": {
                "symfony/console": "2.1.*",
                "symfony/finder": "2.1.*",
                "symfony/form": "2.1.*",
                "symfony/validator": "2.1.*"
            },
            "time": "2013-01-09 08:51:07",
            "type": "symfony-bundle",
            "autoload": {
                "psr-0": {
                    "Symfony\\Bundle\\FrameworkBundle": ""
                }
            },
            "notification-url": "https://packagist.org/downloads/",
            "license": [
                "MIT"
            ],
            "authors": [
                {
                    "name": "Fabien Potencier",
                    "email": "fabien@symfony.com"
                },
                {
                    "name": "Symfony Community",
                    "homepage": "http://symfony.com/contributors"
                }
            ],
            "description": "Symfony FrameworkBundle",
            "homepage": "http://symfony.com"
        },
        {
            "name": "symfony/http-foundation",
            "version": "v2.1.7",
            "target-dir": "Symfony/Component/HttpFoundation",
            "source": {
                "type": "git",
                "url": "https://github.com/symfony/HttpFoundation",
                "reference": "v2.1.7"
            },
            "dist": {
                "type": "zip",
                "url": "https://github.com/symfony/HttpFoundation/archive/v2.1.7.zip",
                "reference": "v2.1.7",
                "shasum": ""
            },
            "require": {
                "php": ">=5.3.3"
            },
            "time": "2013-01-11 00:31:43",
            "type": "library",
            "autoload": {
                "psr-0": {
                    "Symfony\\Component\\HttpFoundation": "",
                    "SessionHandlerInterface": "Symfony/Component/HttpFoundation/Resources/stubs"
                }
            },
            "notification-url": "https://packagist.org/downloads/",
            "license": [
                "MIT"
            ],
            "authors": [
                {
                    "name": "Fabien Potencier",
                    "email": "fabien@symfony.com"
                },
                {
                    "name": "Symfony Community",
                    "homepage": "http://symfony.com/contributors"
                }
            ],
            "description": "Symfony HttpFoundation Component",
            "homepage": "http://symfony.com"
        },
        {
            "name": "symfony/http-kernel",
            "version": "v2.1.7",
            "target-dir": "Symfony/Component/HttpKernel",
            "source": {
                "type": "git",
                "url": "https://github.com/symfony/HttpKernel",
                "reference": "v2.1.7"
            },
            "dist": {
                "type": "zip",
                "url": "https://api.github.com/repos/symfony/HttpKernel/zipball/v2.1.7",
                "reference": "v2.1.7",
                "shasum": ""
            },
            "require": {
                "php": ">=5.3.3",
                "symfony/event-dispatcher": "2.1.*",
                "symfony/http-foundation": "2.1.*"
            },
            "require-dev": {
                "symfony/browser-kit": "2.1.*",
                "symfony/class-loader": "2.1.*",
                "symfony/config": "2.1.*",
                "symfony/console": "2.1.*",
                "symfony/dependency-injection": "2.1.*",
                "symfony/finder": "2.1.*",
                "symfony/process": "2.1.*",
                "symfony/routing": "2.1.*"
            },
            "suggest": {
                "symfony/browser-kit": "2.1.*",
                "symfony/class-loader": "2.1.*",
                "symfony/config": "2.1.*",
                "symfony/console": "2.1.*",
                "symfony/dependency-injection": "2.1.*",
                "symfony/finder": "2.1.*"
            },
            "time": "2013-01-17 16:21:47",
            "type": "library",
            "autoload": {
                "psr-0": {
                    "Symfony\\Component\\HttpKernel": ""
                }
            },
            "notification-url": "https://packagist.org/downloads/",
            "license": [
                "MIT"
            ],
            "authors": [
                {
                    "name": "Fabien Potencier",
                    "email": "fabien@symfony.com"
                },
                {
                    "name": "Symfony Community",
                    "homepage": "http://symfony.com/contributors"
                }
            ],
            "description": "Symfony HttpKernel Component",
            "homepage": "http://symfony.com"
        },
        {
            "name": "symfony/routing",
            "version": "v2.1.7",
            "target-dir": "Symfony/Component/Routing",
            "source": {
                "type": "git",
                "url": "https://github.com/symfony/Routing",
                "reference": "v2.1.7"
            },
            "dist": {
                "type": "zip",
                "url": "https://api.github.com/repos/symfony/Routing/zipball/v2.1.7",
                "reference": "v2.1.7",
                "shasum": ""
            },
            "require": {
                "php": ">=5.3.3"
            },
            "require-dev": {
                "symfony/config": "2.1.*",
                "symfony/yaml": "2.1.*",
                "symfony/http-kernel": "2.1.*",
                "doctrine/common": ">=2.2,<2.4-dev"
            },
            "suggest": {
                "symfony/config": "2.1.*",
                "symfony/yaml": "2.1.*",
                "doctrine/common": ">=2.2,<2.4-dev"
            },
            "time": "2013-01-09 08:51:07",
            "type": "library",
            "autoload": {
                "psr-0": {
                    "Symfony\\Component\\Routing": ""
                }
            },
            "notification-url": "https://packagist.org/downloads/",
            "license": [
                "MIT"
            ],
            "authors": [
                {
                    "name": "Fabien Potencier",
                    "email": "fabien@symfony.com"
                },
                {
                    "name": "Symfony Community",
                    "homepage": "http://symfony.com/contributors"
                }
            ],
            "description": "Symfony Routing Component",
            "homepage": "http://symfony.com"
        },
        {
            "name": "symfony/templating",
            "version": "v2.1.7",
            "target-dir": "Symfony/Component/Templating",
            "source": {
                "type": "git",
                "url": "https://github.com/symfony/Templating",
                "reference": "v2.1.7"
            },
            "dist": {
                "type": "zip",
                "url": "https://github.com/symfony/Templating/archive/v2.1.7.zip",
                "reference": "v2.1.7",
                "shasum": ""
            },
            "require": {
                "php": ">=5.3.3"
            },
            "time": "2013-01-09 08:51:07",
            "type": "library",
            "autoload": {
                "psr-0": {
                    "Symfony\\Component\\Templating": ""
                }
            },
            "notification-url": "https://packagist.org/downloads/",
            "license": [
                "MIT"
            ],
            "authors": [
                {
                    "name": "Fabien Potencier",
                    "email": "fabien@symfony.com"
                },
                {
                    "name": "Symfony Community",
                    "homepage": "http://symfony.com/contributors"
                }
            ],
            "description": "Symfony Templating Component",
            "homepage": "http://symfony.com"
        },
        {
            "name": "symfony/translation",
            "version": "v2.1.7",
            "target-dir": "Symfony/Component/Translation",
            "source": {
                "type": "git",
                "url": "https://github.com/symfony/Translation",
                "reference": "v2.1.7"
            },
            "dist": {
                "type": "zip",
                "url": "https://github.com/symfony/Translation/archive/v2.1.7.zip",
                "reference": "v2.1.7",
                "shasum": ""
            },
            "require": {
                "php": ">=5.3.3"
            },
            "require-dev": {
                "symfony/config": "2.1.*",
                "symfony/yaml": "2.1.*"
            },
            "suggest": {
                "symfony/config": "2.1.*",
                "symfony/yaml": "2.1.*"
            },
            "time": "2013-01-09 08:51:07",
            "type": "library",
            "autoload": {
                "psr-0": {
                    "Symfony\\Component\\Translation": ""
                }
            },
            "notification-url": "https://packagist.org/downloads/",
            "license": [
                "MIT"
            ],
            "authors": [
                {
                    "name": "Fabien Potencier",
                    "email": "fabien@symfony.com"
                },
                {
                    "name": "Symfony Community",
                    "homepage": "http://symfony.com/contributors"
                }
            ],
            "description": "Symfony Translation Component",
            "homepage": "http://symfony.com"
        }
    ],
    "packages-dev": [

    ],
    "aliases": [

    ],
    "minimum-stability": "stable",
    "stability-flags": [

    ]
}
